// !$*UTF8*$!
{
	archiveVersion = 1;
	classes = {
	};
	objectVersion = 51;
	objects = {

/* Begin PBXBuildFile section */
		136265ACCA984952CDA7C8C8 /* Pods_Polligraph.framework in Frameworks */ = {isa = PBXBuildFile; fileRef = 439A5B197B65A2DAB1D0D5B3 /* Pods_Polligraph.framework */; };
		9707A80F25F1C5C80099089A /* TabBarDelegate.swift in Sources */ = {isa = PBXBuildFile; fileRef = 9707A80E25F1C5C80099089A /* TabBarDelegate.swift */; };
		973E0DDF26013CD1000B9BC5 /* EmailVerificationViewController.swift in Sources */ = {isa = PBXBuildFile; fileRef = 973E0DDE26013CD1000B9BC5 /* EmailVerificationViewController.swift */; };
		977F238F25F33613002145BB /* SettingsViewController.swift in Sources */ = {isa = PBXBuildFile; fileRef = 977F238E25F33613002145BB /* SettingsViewController.swift */; };
		977F239325F33628002145BB /* AuthViewController.swift in Sources */ = {isa = PBXBuildFile; fileRef = 977F239225F33628002145BB /* AuthViewController.swift */; };
		977F239625F33636002145BB /* AuthManager.swift in Sources */ = {isa = PBXBuildFile; fileRef = 977F239525F33636002145BB /* AuthManager.swift */; };
		977F239925F3363E002145BB /* APICaller.swift in Sources */ = {isa = PBXBuildFile; fileRef = 977F239825F3363E002145BB /* APICaller.swift */; };
		977F239C25F33645002145BB /* HapticsManager.swift in Sources */ = {isa = PBXBuildFile; fileRef = 977F239B25F33645002145BB /* HapticsManager.swift */; };
		977F239F25F3365A002145BB /* UserPost.swift in Sources */ = {isa = PBXBuildFile; fileRef = 977F239E25F3365A002145BB /* UserPost.swift */; };
		977F23A225F33680002145BB /* PollPostList.swift in Sources */ = {isa = PBXBuildFile; fileRef = 977F23A125F33680002145BB /* PollPostList.swift */; };
		9791A70D25F96A4C0088BDAC /* SettingsCellModel.swift in Sources */ = {isa = PBXBuildFile; fileRef = 9791A70C25F96A4C0088BDAC /* SettingsCellModel.swift */; };
		9791A71925F9E30C0088BDAC /* Roboto-Bold.ttf in Resources */ = {isa = PBXBuildFile; fileRef = 9791A71825F9E30C0088BDAC /* Roboto-Bold.ttf */; };
		9791A71D25F9E3240088BDAC /* Roboto-Medium.ttf in Resources */ = {isa = PBXBuildFile; fileRef = 9791A71B25F9E3240088BDAC /* Roboto-Medium.ttf */; };
		9791A71E25F9E3240088BDAC /* Roboto-Regular.ttf in Resources */ = {isa = PBXBuildFile; fileRef = 9791A71C25F9E3240088BDAC /* Roboto-Regular.ttf */; };
		979E083925EF26C700609D4C /* Helper.swift in Sources */ = {isa = PBXBuildFile; fileRef = 979E083825EF26C700609D4C /* Helper.swift */; };
		979E085B25EF533F00609D4C /* SignInViewController.swift in Sources */ = {isa = PBXBuildFile; fileRef = 979E085A25EF533F00609D4C /* SignInViewController.swift */; };
		979E085E25EF535000609D4C /* RegistrationViewController.swift in Sources */ = {isa = PBXBuildFile; fileRef = 979E085D25EF535000609D4C /* RegistrationViewController.swift */; };
		979E087625EF8BCD00609D4C /* HomeViewController.swift in Sources */ = {isa = PBXBuildFile; fileRef = 979E087525EF8BCD00609D4C /* HomeViewController.swift */; };
		979E088B25EF905800609D4C /* NotificationViewController.swift in Sources */ = {isa = PBXBuildFile; fileRef = 979E088A25EF905800609D4C /* NotificationViewController.swift */; };
		979E088F25EF906400609D4C /* SearchViewController.swift in Sources */ = {isa = PBXBuildFile; fileRef = 979E088E25EF906400609D4C /* SearchViewController.swift */; };
		979E089225EF906E00609D4C /* ProfileViewController.swift in Sources */ = {isa = PBXBuildFile; fileRef = 979E089125EF906E00609D4C /* ProfileViewController.swift */; };
		979E089525EF908C00609D4C /* NewPostViewController.swift in Sources */ = {isa = PBXBuildFile; fileRef = 979E089425EF908C00609D4C /* NewPostViewController.swift */; };
		979E08A325EF92AE00609D4C /* PollPostViewController.swift in Sources */ = {isa = PBXBuildFile; fileRef = 979E08A225EF92AE00609D4C /* PollPostViewController.swift */; };
		97A26BD1260745BF000C202F /* AuthField.swift in Sources */ = {isa = PBXBuildFile; fileRef = 97A26BD0260745BF000C202F /* AuthField.swift */; };
		97A26BD5260745CA000C202F /* AuthButton.swift in Sources */ = {isa = PBXBuildFile; fileRef = 97A26BD4260745CA000C202F /* AuthButton.swift */; };
		97A7EF3F25FB37AC006B842B /* GoogleSignIn.swift in Sources */ = {isa = PBXBuildFile; fileRef = 97A7EF3E25FB37AC006B842B /* GoogleSignIn.swift */; };
		97A7EF4225FB37B6006B842B /* FacebookSignIn.swift in Sources */ = {isa = PBXBuildFile; fileRef = 97A7EF4125FB37B6006B842B /* FacebookSignIn.swift */; };
		97A7EF4525FB37BE006B842B /* AppleSignIn.swift in Sources */ = {isa = PBXBuildFile; fileRef = 97A7EF4425FB37BE006B842B /* AppleSignIn.swift */; };
		97BC9EE625F3750E004EDB60 /* StorageManager.swift in Sources */ = {isa = PBXBuildFile; fileRef = 97BC9EE525F3750E004EDB60 /* StorageManager.swift */; };
		97BC9EE925F37541004EDB60 /* DatabaseManager.swift in Sources */ = {isa = PBXBuildFile; fileRef = 97BC9EE825F37541004EDB60 /* DatabaseManager.swift */; };
		97BC9EF325F37A6F004EDB60 /* Extensions.swift in Sources */ = {isa = PBXBuildFile; fileRef = 97BC9EF225F37A6F004EDB60 /* Extensions.swift */; };
		97BC9F0F25F42D26004EDB60 /* TabBarViewController.swift in Sources */ = {isa = PBXBuildFile; fileRef = 97BC9F0E25F42D26004EDB60 /* TabBarViewController.swift */; };
		97CDAA2E25F75E4600476262 /* GoogleService-Info.plist in Resources */ = {isa = PBXBuildFile; fileRef = 97CDAA2D25F75E4600476262 /* GoogleService-Info.plist */; };
		97DB1B9525EDEC41008955BC /* AppDelegate.swift in Sources */ = {isa = PBXBuildFile; fileRef = 97DB1B9425EDEC41008955BC /* AppDelegate.swift */; };
		97DB1B9725EDEC41008955BC /* SceneDelegate.swift in Sources */ = {isa = PBXBuildFile; fileRef = 97DB1B9625EDEC41008955BC /* SceneDelegate.swift */; };
		97DB1B9925EDEC41008955BC /* OnboardingViewController.swift in Sources */ = {isa = PBXBuildFile; fileRef = 97DB1B9825EDEC41008955BC /* OnboardingViewController.swift */; };
		97DB1B9E25EDEC42008955BC /* Assets.xcassets in Resources */ = {isa = PBXBuildFile; fileRef = 97DB1B9D25EDEC42008955BC /* Assets.xcassets */; };
		97DB1BA125EDEC42008955BC /* LaunchScreen.storyboard in Resources */ = {isa = PBXBuildFile; fileRef = 97DB1B9F25EDEC42008955BC /* LaunchScreen.storyboard */; };
		97EA192C260C423900D08BAC /* ForgotPasswordViewController.swift in Sources */ = {isa = PBXBuildFile; fileRef = 97EA192B260C423900D08BAC /* ForgotPasswordViewController.swift */; };
		97EA1953260DEC5700D08BAC /* ProfileHeaderCollectionReusableView.swift in Sources */ = {isa = PBXBuildFile; fileRef = 97EA1952260DEC5700D08BAC /* ProfileHeaderCollectionReusableView.swift */; };
		97EA1958260DED2700D08BAC /* ProfileTabsCollectionReusableView.swift in Sources */ = {isa = PBXBuildFile; fileRef = 97EA1957260DED2700D08BAC /* ProfileTabsCollectionReusableView.swift */; };
		97EA195B260DED8900D08BAC /* PostCollectionViewCell.swift in Sources */ = {isa = PBXBuildFile; fileRef = 97EA195A260DED8900D08BAC /* PostCollectionViewCell.swift */; };
		97EA1972260F38F700D08BAC /* ProfileHeaderViewModel.swift in Sources */ = {isa = PBXBuildFile; fileRef = 97EA1971260F38F700D08BAC /* ProfileHeaderViewModel.swift */; };
/* End PBXBuildFile section */

/* Begin PBXFileReference section */
		439A5B197B65A2DAB1D0D5B3 /* Pods_Polligraph.framework */ = {isa = PBXFileReference; explicitFileType = wrapper.framework; includeInIndex = 0; path = Pods_Polligraph.framework; sourceTree = BUILT_PRODUCTS_DIR; };
		9707A80E25F1C5C80099089A /* TabBarDelegate.swift */ = {isa = PBXFileReference; lastKnownFileType = sourcecode.swift; path = TabBarDelegate.swift; sourceTree = "<group>"; };
		973E0DDE26013CD1000B9BC5 /* EmailVerificationViewController.swift */ = {isa = PBXFileReference; lastKnownFileType = sourcecode.swift; path = EmailVerificationViewController.swift; sourceTree = "<group>"; };
		977F238E25F33613002145BB /* SettingsViewController.swift */ = {isa = PBXFileReference; lastKnownFileType = sourcecode.swift; path = SettingsViewController.swift; sourceTree = "<group>"; };
		977F239225F33628002145BB /* AuthViewController.swift */ = {isa = PBXFileReference; lastKnownFileType = sourcecode.swift; path = AuthViewController.swift; sourceTree = "<group>"; };
		977F239525F33636002145BB /* AuthManager.swift */ = {isa = PBXFileReference; lastKnownFileType = sourcecode.swift; path = AuthManager.swift; sourceTree = "<group>"; };
		977F239825F3363E002145BB /* APICaller.swift */ = {isa = PBXFileReference; lastKnownFileType = sourcecode.swift; path = APICaller.swift; sourceTree = "<group>"; };
		977F239B25F33645002145BB /* HapticsManager.swift */ = {isa = PBXFileReference; lastKnownFileType = sourcecode.swift; path = HapticsManager.swift; sourceTree = "<group>"; };
		977F239E25F3365A002145BB /* UserPost.swift */ = {isa = PBXFileReference; lastKnownFileType = sourcecode.swift; path = UserPost.swift; sourceTree = "<group>"; };
		977F23A125F33680002145BB /* PollPostList.swift */ = {isa = PBXFileReference; lastKnownFileType = sourcecode.swift; path = PollPostList.swift; sourceTree = "<group>"; };
		9791A70C25F96A4C0088BDAC /* SettingsCellModel.swift */ = {isa = PBXFileReference; lastKnownFileType = sourcecode.swift; path = SettingsCellModel.swift; sourceTree = "<group>"; };
		9791A71825F9E30C0088BDAC /* Roboto-Bold.ttf */ = {isa = PBXFileReference; lastKnownFileType = file; path = "Roboto-Bold.ttf"; sourceTree = "<group>"; };
		9791A71B25F9E3240088BDAC /* Roboto-Medium.ttf */ = {isa = PBXFileReference; lastKnownFileType = file; path = "Roboto-Medium.ttf"; sourceTree = "<group>"; };
		9791A71C25F9E3240088BDAC /* Roboto-Regular.ttf */ = {isa = PBXFileReference; lastKnownFileType = file; path = "Roboto-Regular.ttf"; sourceTree = "<group>"; };
		979E083825EF26C700609D4C /* Helper.swift */ = {isa = PBXFileReference; lastKnownFileType = sourcecode.swift; path = Helper.swift; sourceTree = "<group>"; };
		979E085A25EF533F00609D4C /* SignInViewController.swift */ = {isa = PBXFileReference; lastKnownFileType = sourcecode.swift; path = SignInViewController.swift; sourceTree = "<group>"; };
		979E085D25EF535000609D4C /* RegistrationViewController.swift */ = {isa = PBXFileReference; lastKnownFileType = sourcecode.swift; path = RegistrationViewController.swift; sourceTree = "<group>"; };
		979E087525EF8BCD00609D4C /* HomeViewController.swift */ = {isa = PBXFileReference; lastKnownFileType = sourcecode.swift; path = HomeViewController.swift; sourceTree = "<group>"; };
		979E088A25EF905800609D4C /* NotificationViewController.swift */ = {isa = PBXFileReference; lastKnownFileType = sourcecode.swift; path = NotificationViewController.swift; sourceTree = "<group>"; };
		979E088E25EF906400609D4C /* SearchViewController.swift */ = {isa = PBXFileReference; lastKnownFileType = sourcecode.swift; path = SearchViewController.swift; sourceTree = "<group>"; };
		979E089125EF906E00609D4C /* ProfileViewController.swift */ = {isa = PBXFileReference; lastKnownFileType = sourcecode.swift; path = ProfileViewController.swift; sourceTree = "<group>"; };
		979E089425EF908C00609D4C /* NewPostViewController.swift */ = {isa = PBXFileReference; lastKnownFileType = sourcecode.swift; path = NewPostViewController.swift; sourceTree = "<group>"; };
		979E08A225EF92AE00609D4C /* PollPostViewController.swift */ = {isa = PBXFileReference; lastKnownFileType = sourcecode.swift; path = PollPostViewController.swift; sourceTree = "<group>"; };
		97A26BD0260745BF000C202F /* AuthField.swift */ = {isa = PBXFileReference; lastKnownFileType = sourcecode.swift; path = AuthField.swift; sourceTree = "<group>"; };
		97A26BD4260745CA000C202F /* AuthButton.swift */ = {isa = PBXFileReference; lastKnownFileType = sourcecode.swift; path = AuthButton.swift; sourceTree = "<group>"; };
		97A7EF3E25FB37AC006B842B /* GoogleSignIn.swift */ = {isa = PBXFileReference; lastKnownFileType = sourcecode.swift; path = GoogleSignIn.swift; sourceTree = "<group>"; };
		97A7EF4125FB37B6006B842B /* FacebookSignIn.swift */ = {isa = PBXFileReference; lastKnownFileType = sourcecode.swift; path = FacebookSignIn.swift; sourceTree = "<group>"; };
		97A7EF4425FB37BE006B842B /* AppleSignIn.swift */ = {isa = PBXFileReference; lastKnownFileType = sourcecode.swift; path = AppleSignIn.swift; sourceTree = "<group>"; };
		97A7EF8025FB5DDB006B842B /* Polligraph.entitlements */ = {isa = PBXFileReference; lastKnownFileType = text.plist.entitlements; path = Polligraph.entitlements; sourceTree = "<group>"; };
		97BC9EE525F3750E004EDB60 /* StorageManager.swift */ = {isa = PBXFileReference; lastKnownFileType = sourcecode.swift; path = StorageManager.swift; sourceTree = "<group>"; };
		97BC9EE825F37541004EDB60 /* DatabaseManager.swift */ = {isa = PBXFileReference; lastKnownFileType = sourcecode.swift; path = DatabaseManager.swift; sourceTree = "<group>"; };
		97BC9EF225F37A6F004EDB60 /* Extensions.swift */ = {isa = PBXFileReference; lastKnownFileType = sourcecode.swift; path = Extensions.swift; sourceTree = "<group>"; };
		97BC9F0E25F42D26004EDB60 /* TabBarViewController.swift */ = {isa = PBXFileReference; lastKnownFileType = sourcecode.swift; path = TabBarViewController.swift; sourceTree = "<group>"; };
		97CDAA2D25F75E4600476262 /* GoogleService-Info.plist */ = {isa = PBXFileReference; fileEncoding = 4; lastKnownFileType = text.plist.xml; path = "GoogleService-Info.plist"; sourceTree = "<group>"; };
		97DB1B9125EDEC41008955BC /* Polligraph.app */ = {isa = PBXFileReference; explicitFileType = wrapper.application; includeInIndex = 0; path = Polligraph.app; sourceTree = BUILT_PRODUCTS_DIR; };
		97DB1B9425EDEC41008955BC /* AppDelegate.swift */ = {isa = PBXFileReference; lastKnownFileType = sourcecode.swift; path = AppDelegate.swift; sourceTree = "<group>"; };
		97DB1B9625EDEC41008955BC /* SceneDelegate.swift */ = {isa = PBXFileReference; lastKnownFileType = sourcecode.swift; path = SceneDelegate.swift; sourceTree = "<group>"; };
		97DB1B9825EDEC41008955BC /* OnboardingViewController.swift */ = {isa = PBXFileReference; lastKnownFileType = sourcecode.swift; path = OnboardingViewController.swift; sourceTree = "<group>"; };
		97DB1B9D25EDEC42008955BC /* Assets.xcassets */ = {isa = PBXFileReference; lastKnownFileType = folder.assetcatalog; path = Assets.xcassets; sourceTree = "<group>"; };
		97DB1BA025EDEC42008955BC /* Base */ = {isa = PBXFileReference; lastKnownFileType = file.storyboard; name = Base; path = Base.lproj/LaunchScreen.storyboard; sourceTree = "<group>"; };
		97DB1BA225EDEC42008955BC /* Info.plist */ = {isa = PBXFileReference; lastKnownFileType = text.plist.xml; path = Info.plist; sourceTree = "<group>"; };
		97EA192B260C423900D08BAC /* ForgotPasswordViewController.swift */ = {isa = PBXFileReference; lastKnownFileType = sourcecode.swift; path = ForgotPasswordViewController.swift; sourceTree = "<group>"; };
		97EA1952260DEC5700D08BAC /* ProfileHeaderCollectionReusableView.swift */ = {isa = PBXFileReference; lastKnownFileType = sourcecode.swift; path = ProfileHeaderCollectionReusableView.swift; sourceTree = "<group>"; };
		97EA1957260DED2700D08BAC /* ProfileTabsCollectionReusableView.swift */ = {isa = PBXFileReference; lastKnownFileType = sourcecode.swift; path = ProfileTabsCollectionReusableView.swift; sourceTree = "<group>"; };
		97EA195A260DED8900D08BAC /* PostCollectionViewCell.swift */ = {isa = PBXFileReference; lastKnownFileType = sourcecode.swift; path = PostCollectionViewCell.swift; sourceTree = "<group>"; };
		97EA1971260F38F700D08BAC /* ProfileHeaderViewModel.swift */ = {isa = PBXFileReference; lastKnownFileType = sourcecode.swift; path = ProfileHeaderViewModel.swift; sourceTree = "<group>"; };
		989BE7FEA84F3173270B7101 /* Pods-Polligraph.release.xcconfig */ = {isa = PBXFileReference; includeInIndex = 1; lastKnownFileType = text.xcconfig; name = "Pods-Polligraph.release.xcconfig"; path = "Target Support Files/Pods-Polligraph/Pods-Polligraph.release.xcconfig"; sourceTree = "<group>"; };
		AF2E107638AACE0E50F8D036 /* Pods-Polligraph.debug.xcconfig */ = {isa = PBXFileReference; includeInIndex = 1; lastKnownFileType = text.xcconfig; name = "Pods-Polligraph.debug.xcconfig"; path = "Target Support Files/Pods-Polligraph/Pods-Polligraph.debug.xcconfig"; sourceTree = "<group>"; };
/* End PBXFileReference section */

/* Begin PBXFrameworksBuildPhase section */
		97DB1B8E25EDEC41008955BC /* Frameworks */ = {
			isa = PBXFrameworksBuildPhase;
			buildActionMask = 2147483647;
			files = (
				136265ACCA984952CDA7C8C8 /* Pods_Polligraph.framework in Frameworks */,
			);
			runOnlyForDeploymentPostprocessing = 0;
		};
/* End PBXFrameworksBuildPhase section */

/* Begin PBXGroup section */
		5EEE412B1761B2759BD5CC7E /* Frameworks */ = {
			isa = PBXGroup;
			children = (
				439A5B197B65A2DAB1D0D5B3 /* Pods_Polligraph.framework */,
			);
			name = Frameworks;
			sourceTree = "<group>";
		};
		6AF398EBF495CCB7DB643C1C /* Pods */ = {
			isa = PBXGroup;
			children = (
				AF2E107638AACE0E50F8D036 /* Pods-Polligraph.debug.xcconfig */,
				989BE7FEA84F3173270B7101 /* Pods-Polligraph.release.xcconfig */,
			);
			path = Pods;
			sourceTree = "<group>";
		};
		977F238925F3358B002145BB /* Resources */ = {
			isa = PBXGroup;
			children = (
				97DB1B9425EDEC41008955BC /* AppDelegate.swift */,
				97DB1B9625EDEC41008955BC /* SceneDelegate.swift */,
				97DB1B9D25EDEC42008955BC /* Assets.xcassets */,
				97BC9EF225F37A6F004EDB60 /* Extensions.swift */,
				9707A80E25F1C5C80099089A /* TabBarDelegate.swift */,
				979E083825EF26C700609D4C /* Helper.swift */,
			);
			path = Resources;
			sourceTree = "<group>";
		};
		977F238A25F33591002145BB /* Managers */ = {
			isa = PBXGroup;
			children = (
				977F239525F33636002145BB /* AuthManager.swift */,
				977F239825F3363E002145BB /* APICaller.swift */,
				977F239B25F33645002145BB /* HapticsManager.swift */,
				97BC9EE525F3750E004EDB60 /* StorageManager.swift */,
				97BC9EE825F37541004EDB60 /* DatabaseManager.swift */,
				97A7EF3E25FB37AC006B842B /* GoogleSignIn.swift */,
				97A7EF4125FB37B6006B842B /* FacebookSignIn.swift */,
				97A7EF4425FB37BE006B842B /* AppleSignIn.swift */,
			);
			path = Managers;
			sourceTree = "<group>";
		};
		977F238B25F33596002145BB /* ViewModels */ = {
			isa = PBXGroup;
			children = (
				97EA1971260F38F700D08BAC /* ProfileHeaderViewModel.swift */,
			);
			path = ViewModels;
			sourceTree = "<group>";
		};
		977F238C25F335E9002145BB /* Core */ = {
			isa = PBXGroup;
			children = (
				979E087525EF8BCD00609D4C /* HomeViewController.swift */,
				979E088E25EF906400609D4C /* SearchViewController.swift */,
				979E089425EF908C00609D4C /* NewPostViewController.swift */,
				979E088A25EF905800609D4C /* NotificationViewController.swift */,
				979E089125EF906E00609D4C /* ProfileViewController.swift */,
				97BC9F0E25F42D26004EDB60 /* TabBarViewController.swift */,
			);
			path = Core;
			sourceTree = "<group>";
		};
		977F238D25F335EC002145BB /* Other */ = {
			isa = PBXGroup;
			children = (
				97BC9EED25F375B7004EDB60 /* General */,
				97BC9EEC25F375AD004EDB60 /* Onboarding */,
			);
			path = Other;
			sourceTree = "<group>";
		};
		9791A71725F9E2A30088BDAC /* Fonts */ = {
			isa = PBXGroup;
			children = (
				9791A71B25F9E3240088BDAC /* Roboto-Medium.ttf */,
				9791A71C25F9E3240088BDAC /* Roboto-Regular.ttf */,
				9791A71825F9E30C0088BDAC /* Roboto-Bold.ttf */,
			);
			path = Fonts;
			sourceTree = "<group>";
		};
		97A26BCE260745A8000C202F /* Storyboard */ = {
			isa = PBXGroup;
			children = (
				97DB1B9F25EDEC42008955BC /* LaunchScreen.storyboard */,
			);
			path = Storyboard;
			sourceTree = "<group>";
		};
		97A26BCF260745AF000C202F /* Other */ = {
			isa = PBXGroup;
			children = (
				97A26BD0260745BF000C202F /* AuthField.swift */,
				97A26BD4260745CA000C202F /* AuthButton.swift */,
			);
			path = Other;
			sourceTree = "<group>";
		};
		97BC9EEC25F375AD004EDB60 /* Onboarding */ = {
			isa = PBXGroup;
			children = (
				977F239225F33628002145BB /* AuthViewController.swift */,
				97DB1B9825EDEC41008955BC /* OnboardingViewController.swift */,
				979E085A25EF533F00609D4C /* SignInViewController.swift */,
				979E085D25EF535000609D4C /* RegistrationViewController.swift */,
				973E0DDE26013CD1000B9BC5 /* EmailVerificationViewController.swift */,
				97EA192B260C423900D08BAC /* ForgotPasswordViewController.swift */,
			);
			path = Onboarding;
			sourceTree = "<group>";
		};
		97BC9EED25F375B7004EDB60 /* General */ = {
			isa = PBXGroup;
			children = (
				979E08A225EF92AE00609D4C /* PollPostViewController.swift */,
				977F238E25F33613002145BB /* SettingsViewController.swift */,
			);
			path = General;
			sourceTree = "<group>";
		};
		97DB1B8825EDEC41008955BC = {
			isa = PBXGroup;
			children = (
				97DB1B9325EDEC41008955BC /* Polligraph */,
				97DB1B9225EDEC41008955BC /* Products */,
				6AF398EBF495CCB7DB643C1C /* Pods */,
				5EEE412B1761B2759BD5CC7E /* Frameworks */,
			);
			sourceTree = "<group>";
		};
		97DB1B9225EDEC41008955BC /* Products */ = {
			isa = PBXGroup;
			children = (
				97DB1B9125EDEC41008955BC /* Polligraph.app */,
			);
			name = Products;
			sourceTree = "<group>";
		};
		97DB1B9325EDEC41008955BC /* Polligraph */ = {
			isa = PBXGroup;
			children = (
				977F238A25F33591002145BB /* Managers */,
				977F238B25F33596002145BB /* ViewModels */,
				97DB1BAA25EDED06008955BC /* Models */,
				97DB1BAC25EDED1E008955BC /* Controller */,
				97DB1BAB25EDED19008955BC /* Views */,
				97DB1BB225EE01B5008955BC /* Support */,
				9791A71725F9E2A30088BDAC /* Fonts */,
				977F238925F3358B002145BB /* Resources */,
				97A7EF8025FB5DDB006B842B /* Polligraph.entitlements */,
				97CDAA2D25F75E4600476262 /* GoogleService-Info.plist */,
				97DB1BA225EDEC42008955BC /* Info.plist */,
			);
			path = Polligraph;
			sourceTree = "<group>";
		};
		97DB1BAA25EDED06008955BC /* Models */ = {
			isa = PBXGroup;
			children = (
				977F239E25F3365A002145BB /* UserPost.swift */,
				977F23A125F33680002145BB /* PollPostList.swift */,
				9791A70C25F96A4C0088BDAC /* SettingsCellModel.swift */,
			);
			path = Models;
			sourceTree = "<group>";
		};
		97DB1BAB25EDED19008955BC /* Views */ = {
			isa = PBXGroup;
			children = (
				97A26BCF260745AF000C202F /* Other */,
				97A26BCE260745A8000C202F /* Storyboard */,
				97EA1955260DED1400D08BAC /* CollectionView Headers */,
			);
			path = Views;
			sourceTree = "<group>";
		};
		97DB1BAC25EDED1E008955BC /* Controller */ = {
			isa = PBXGroup;
			children = (
				977F238D25F335EC002145BB /* Other */,
				977F238C25F335E9002145BB /* Core */,
			);
			path = Controller;
			sourceTree = "<group>";
		};
		97DB1BB225EE01B5008955BC /* Support */ = {
			isa = PBXGroup;
			children = (
			);
			path = Support;
			sourceTree = "<group>";
		};
		97EA1955260DED1400D08BAC /* CollectionView Headers */ = {
			isa = PBXGroup;
			children = (
				97EA1952260DEC5700D08BAC /* ProfileHeaderCollectionReusableView.swift */,
				97EA1957260DED2700D08BAC /* ProfileTabsCollectionReusableView.swift */,
				97EA195A260DED8900D08BAC /* PostCollectionViewCell.swift */,
			);
			path = "CollectionView Headers";
			sourceTree = "<group>";
		};
/* End PBXGroup section */

/* Begin PBXNativeTarget section */
		97DB1B9025EDEC41008955BC /* Polligraph */ = {
			isa = PBXNativeTarget;
			buildConfigurationList = 97DB1BA525EDEC42008955BC /* Build configuration list for PBXNativeTarget "Polligraph" */;
			buildPhases = (
				367D6FF63F937EF5A0E79053 /* [CP] Check Pods Manifest.lock */,
				97DB1B8D25EDEC41008955BC /* Sources */,
				97DB1B8E25EDEC41008955BC /* Frameworks */,
				97DB1B8F25EDEC41008955BC /* Resources */,
				A6B9DB99CA04EE3979E258BB /* [CP] Embed Pods Frameworks */,
				B1A56E1D2CD43CB2A3F9C54C /* [CP] Copy Pods Resources */,
			);
			buildRules = (
			);
			dependencies = (
			);
			name = Polligraph;
			productName = Polligraph;
			productReference = 97DB1B9125EDEC41008955BC /* Polligraph.app */;
			productType = "com.apple.product-type.application";
		};
/* End PBXNativeTarget section */

/* Begin PBXProject section */
		97DB1B8925EDEC41008955BC /* Project object */ = {
			isa = PBXProject;
			attributes = {
				LastSwiftUpdateCheck = 1240;
				LastUpgradeCheck = 1240;
				TargetAttributes = {
					97DB1B9025EDEC41008955BC = {
						CreatedOnToolsVersion = 12.4;
					};
				};
			};
			buildConfigurationList = 97DB1B8C25EDEC41008955BC /* Build configuration list for PBXProject "Polligraph" */;
			compatibilityVersion = "Xcode 9.3";
			developmentRegion = en;
			hasScannedForEncodings = 0;
			knownRegions = (
				en,
				Base,
			);
			mainGroup = 97DB1B8825EDEC41008955BC;
			productRefGroup = 97DB1B9225EDEC41008955BC /* Products */;
			projectDirPath = "";
			projectRoot = "";
			targets = (
				97DB1B9025EDEC41008955BC /* Polligraph */,
			);
		};
/* End PBXProject section */

/* Begin PBXResourcesBuildPhase section */
		97DB1B8F25EDEC41008955BC /* Resources */ = {
			isa = PBXResourcesBuildPhase;
			buildActionMask = 2147483647;
			files = (
				97DB1BA125EDEC42008955BC /* LaunchScreen.storyboard in Resources */,
				9791A71925F9E30C0088BDAC /* Roboto-Bold.ttf in Resources */,
				97DB1B9E25EDEC42008955BC /* Assets.xcassets in Resources */,
				9791A71D25F9E3240088BDAC /* Roboto-Medium.ttf in Resources */,
				97CDAA2E25F75E4600476262 /* GoogleService-Info.plist in Resources */,
				9791A71E25F9E3240088BDAC /* Roboto-Regular.ttf in Resources */,
			);
			runOnlyForDeploymentPostprocessing = 0;
		};
/* End PBXResourcesBuildPhase section */

/* Begin PBXShellScriptBuildPhase section */
		367D6FF63F937EF5A0E79053 /* [CP] Check Pods Manifest.lock */ = {
			isa = PBXShellScriptBuildPhase;
			buildActionMask = 2147483647;
			files = (
			);
			inputFileListPaths = (
			);
			inputPaths = (
				"${PODS_PODFILE_DIR_PATH}/Podfile.lock",
				"${PODS_ROOT}/Manifest.lock",
			);
			name = "[CP] Check Pods Manifest.lock";
			outputFileListPaths = (
			);
			outputPaths = (
				"$(DERIVED_FILE_DIR)/Pods-Polligraph-checkManifestLockResult.txt",
			);
			runOnlyForDeploymentPostprocessing = 0;
			shellPath = /bin/sh;
			shellScript = "diff \"${PODS_PODFILE_DIR_PATH}/Podfile.lock\" \"${PODS_ROOT}/Manifest.lock\" > /dev/null\nif [ $? != 0 ] ; then\n    # print error to STDERR\n    echo \"error: The sandbox is not in sync with the Podfile.lock. Run 'pod install' or update your CocoaPods installation.\" >&2\n    exit 1\nfi\n# This output is used by Xcode 'outputs' to avoid re-running this script phase.\necho \"SUCCESS\" > \"${SCRIPT_OUTPUT_FILE_0}\"\n";
			showEnvVarsInLog = 0;
		};
		A6B9DB99CA04EE3979E258BB /* [CP] Embed Pods Frameworks */ = {
			isa = PBXShellScriptBuildPhase;
			buildActionMask = 2147483647;
			files = (
			);
			inputFileListPaths = (
				"${PODS_ROOT}/Target Support Files/Pods-Polligraph/Pods-Polligraph-frameworks-${CONFIGURATION}-input-files.xcfilelist",
			);
			name = "[CP] Embed Pods Frameworks";
			outputFileListPaths = (
				"${PODS_ROOT}/Target Support Files/Pods-Polligraph/Pods-Polligraph-frameworks-${CONFIGURATION}-output-files.xcfilelist",
			);
			runOnlyForDeploymentPostprocessing = 0;
			shellPath = /bin/sh;
			shellScript = "\"${PODS_ROOT}/Target Support Files/Pods-Polligraph/Pods-Polligraph-frameworks.sh\"\n";
			showEnvVarsInLog = 0;
		};
		B1A56E1D2CD43CB2A3F9C54C /* [CP] Copy Pods Resources */ = {
			isa = PBXShellScriptBuildPhase;
			buildActionMask = 2147483647;
			files = (
			);
			inputFileListPaths = (
				"${PODS_ROOT}/Target Support Files/Pods-Polligraph/Pods-Polligraph-resources-${CONFIGURATION}-input-files.xcfilelist",
			);
			name = "[CP] Copy Pods Resources";
			outputFileListPaths = (
				"${PODS_ROOT}/Target Support Files/Pods-Polligraph/Pods-Polligraph-resources-${CONFIGURATION}-output-files.xcfilelist",
			);
			runOnlyForDeploymentPostprocessing = 0;
			shellPath = /bin/sh;
			shellScript = "\"${PODS_ROOT}/Target Support Files/Pods-Polligraph/Pods-Polligraph-resources.sh\"\n";
			showEnvVarsInLog = 0;
		};
/* End PBXShellScriptBuildPhase section */

/* Begin PBXSourcesBuildPhase section */
		97DB1B8D25EDEC41008955BC /* Sources */ = {
			isa = PBXSourcesBuildPhase;
			buildActionMask = 2147483647;
			files = (
				97EA192C260C423900D08BAC /* ForgotPasswordViewController.swift in Sources */,
				979E088B25EF905800609D4C /* NotificationViewController.swift in Sources */,
				979E089525EF908C00609D4C /* NewPostViewController.swift in Sources */,
				9791A70D25F96A4C0088BDAC /* SettingsCellModel.swift in Sources */,
				979E088F25EF906400609D4C /* SearchViewController.swift in Sources */,
				97EA195B260DED8900D08BAC /* PostCollectionViewCell.swift in Sources */,
				979E085B25EF533F00609D4C /* SignInViewController.swift in Sources */,
				977F239325F33628002145BB /* AuthViewController.swift in Sources */,
				97BC9EE925F37541004EDB60 /* DatabaseManager.swift in Sources */,
				97A7EF4225FB37B6006B842B /* FacebookSignIn.swift in Sources */,
				979E085E25EF535000609D4C /* RegistrationViewController.swift in Sources */,
				977F239625F33636002145BB /* AuthManager.swift in Sources */,
				979E089225EF906E00609D4C /* ProfileViewController.swift in Sources */,
				97A7EF3F25FB37AC006B842B /* GoogleSignIn.swift in Sources */,
				97A26BD1260745BF000C202F /* AuthField.swift in Sources */,
				979E087625EF8BCD00609D4C /* HomeViewController.swift in Sources */,
				977F238F25F33613002145BB /* SettingsViewController.swift in Sources */,
				97A7EF4525FB37BE006B842B /* AppleSignIn.swift in Sources */,
				97EA1953260DEC5700D08BAC /* ProfileHeaderCollectionReusableView.swift in Sources */,
				97DB1B9925EDEC41008955BC /* OnboardingViewController.swift in Sources */,
				977F239F25F3365A002145BB /* UserPost.swift in Sources */,
				97BC9EE625F3750E004EDB60 /* StorageManager.swift in Sources */,
				97DB1B9525EDEC41008955BC /* AppDelegate.swift in Sources */,
				977F239925F3363E002145BB /* APICaller.swift in Sources */,
				97BC9F0F25F42D26004EDB60 /* TabBarViewController.swift in Sources */,
				97DB1B9725EDEC41008955BC /* SceneDelegate.swift in Sources */,
				97A26BD5260745CA000C202F /* AuthButton.swift in Sources */,
				973E0DDF26013CD1000B9BC5 /* EmailVerificationViewController.swift in Sources */,
				97EA1958260DED2700D08BAC /* ProfileTabsCollectionReusableView.swift in Sources */,
				97EA1972260F38F700D08BAC /* ProfileHeaderViewModel.swift in Sources */,
				979E08A325EF92AE00609D4C /* PollPostViewController.swift in Sources */,
				97BC9EF325F37A6F004EDB60 /* Extensions.swift in Sources */,
				9707A80F25F1C5C80099089A /* TabBarDelegate.swift in Sources */,
				977F239C25F33645002145BB /* HapticsManager.swift in Sources */,
				977F23A225F33680002145BB /* PollPostList.swift in Sources */,
				979E083925EF26C700609D4C /* Helper.swift in Sources */,
			);
			runOnlyForDeploymentPostprocessing = 0;
		};
/* End PBXSourcesBuildPhase section */

/* Begin PBXVariantGroup section */
		97DB1B9F25EDEC42008955BC /* LaunchScreen.storyboard */ = {
			isa = PBXVariantGroup;
			children = (
				97DB1BA025EDEC42008955BC /* Base */,
			);
			name = LaunchScreen.storyboard;
			sourceTree = "<group>";
		};
/* End PBXVariantGroup section */

/* Begin XCBuildConfiguration section */
		97DB1BA325EDEC42008955BC /* Debug */ = {
			isa = XCBuildConfiguration;
			buildSettings = {
				ALWAYS_SEARCH_USER_PATHS = NO;
				CLANG_ANALYZER_NONNULL = YES;
				CLANG_ANALYZER_NUMBER_OBJECT_CONVERSION = YES_AGGRESSIVE;
				CLANG_CXX_LANGUAGE_STANDARD = "gnu++14";
				CLANG_CXX_LIBRARY = "libc++";
				CLANG_ENABLE_MODULES = YES;
				CLANG_ENABLE_OBJC_ARC = YES;
				CLANG_ENABLE_OBJC_WEAK = YES;
				CLANG_WARN_BLOCK_CAPTURE_AUTORELEASING = YES;
				CLANG_WARN_BOOL_CONVERSION = YES;
				CLANG_WARN_COMMA = YES;
				CLANG_WARN_CONSTANT_CONVERSION = YES;
				CLANG_WARN_DEPRECATED_OBJC_IMPLEMENTATIONS = YES;
				CLANG_WARN_DIRECT_OBJC_ISA_USAGE = YES_ERROR;
				CLANG_WARN_DOCUMENTATION_COMMENTS = YES;
				CLANG_WARN_EMPTY_BODY = YES;
				CLANG_WARN_ENUM_CONVERSION = YES;
				CLANG_WARN_INFINITE_RECURSION = YES;
				CLANG_WARN_INT_CONVERSION = YES;
				CLANG_WARN_NON_LITERAL_NULL_CONVERSION = YES;
				CLANG_WARN_OBJC_IMPLICIT_RETAIN_SELF = YES;
				CLANG_WARN_OBJC_LITERAL_CONVERSION = YES;
				CLANG_WARN_OBJC_ROOT_CLASS = YES_ERROR;
				CLANG_WARN_QUOTED_INCLUDE_IN_FRAMEWORK_HEADER = YES;
				CLANG_WARN_RANGE_LOOP_ANALYSIS = YES;
				CLANG_WARN_STRICT_PROTOTYPES = YES;
				CLANG_WARN_SUSPICIOUS_MOVE = YES;
				CLANG_WARN_UNGUARDED_AVAILABILITY = YES_AGGRESSIVE;
				CLANG_WARN_UNREACHABLE_CODE = YES;
				CLANG_WARN__DUPLICATE_METHOD_MATCH = YES;
				COPY_PHASE_STRIP = NO;
				DEBUG_INFORMATION_FORMAT = dwarf;
				ENABLE_STRICT_OBJC_MSGSEND = YES;
				ENABLE_TESTABILITY = YES;
				GCC_C_LANGUAGE_STANDARD = gnu11;
				GCC_DYNAMIC_NO_PIC = NO;
				GCC_NO_COMMON_BLOCKS = YES;
				GCC_OPTIMIZATION_LEVEL = 0;
				GCC_PREPROCESSOR_DEFINITIONS = (
					"DEBUG=1",
					"$(inherited)",
				);
				GCC_WARN_64_TO_32_BIT_CONVERSION = YES;
				GCC_WARN_ABOUT_RETURN_TYPE = YES_ERROR;
				GCC_WARN_UNDECLARED_SELECTOR = YES;
				GCC_WARN_UNINITIALIZED_AUTOS = YES_AGGRESSIVE;
				GCC_WARN_UNUSED_FUNCTION = YES;
				GCC_WARN_UNUSED_VARIABLE = YES;
				IPHONEOS_DEPLOYMENT_TARGET = 14.4;
				MTL_ENABLE_DEBUG_INFO = INCLUDE_SOURCE;
				MTL_FAST_MATH = YES;
				ONLY_ACTIVE_ARCH = YES;
				SDKROOT = iphoneos;
				SWIFT_ACTIVE_COMPILATION_CONDITIONS = DEBUG;
				SWIFT_OPTIMIZATION_LEVEL = "-Onone";
			};
			name = Debug;
		};
		97DB1BA425EDEC42008955BC /* Release */ = {
			isa = XCBuildConfiguration;
			buildSettings = {
				ALWAYS_SEARCH_USER_PATHS = NO;
				CLANG_ANALYZER_NONNULL = YES;
				CLANG_ANALYZER_NUMBER_OBJECT_CONVERSION = YES_AGGRESSIVE;
				CLANG_CXX_LANGUAGE_STANDARD = "gnu++14";
				CLANG_CXX_LIBRARY = "libc++";
				CLANG_ENABLE_MODULES = YES;
				CLANG_ENABLE_OBJC_ARC = YES;
				CLANG_ENABLE_OBJC_WEAK = YES;
				CLANG_WARN_BLOCK_CAPTURE_AUTORELEASING = YES;
				CLANG_WARN_BOOL_CONVERSION = YES;
				CLANG_WARN_COMMA = YES;
				CLANG_WARN_CONSTANT_CONVERSION = YES;
				CLANG_WARN_DEPRECATED_OBJC_IMPLEMENTATIONS = YES;
				CLANG_WARN_DIRECT_OBJC_ISA_USAGE = YES_ERROR;
				CLANG_WARN_DOCUMENTATION_COMMENTS = YES;
				CLANG_WARN_EMPTY_BODY = YES;
				CLANG_WARN_ENUM_CONVERSION = YES;
				CLANG_WARN_INFINITE_RECURSION = YES;
				CLANG_WARN_INT_CONVERSION = YES;
				CLANG_WARN_NON_LITERAL_NULL_CONVERSION = YES;
				CLANG_WARN_OBJC_IMPLICIT_RETAIN_SELF = YES;
				CLANG_WARN_OBJC_LITERAL_CONVERSION = YES;
				CLANG_WARN_OBJC_ROOT_CLASS = YES_ERROR;
				CLANG_WARN_QUOTED_INCLUDE_IN_FRAMEWORK_HEADER = YES;
				CLANG_WARN_RANGE_LOOP_ANALYSIS = YES;
				CLANG_WARN_STRICT_PROTOTYPES = YES;
				CLANG_WARN_SUSPICIOUS_MOVE = YES;
				CLANG_WARN_UNGUARDED_AVAILABILITY = YES_AGGRESSIVE;
				CLANG_WARN_UNREACHABLE_CODE = YES;
				CLANG_WARN__DUPLICATE_METHOD_MATCH = YES;
				COPY_PHASE_STRIP = NO;
				DEBUG_INFORMATION_FORMAT = "dwarf-with-dsym";
				ENABLE_NS_ASSERTIONS = NO;
				ENABLE_STRICT_OBJC_MSGSEND = YES;
				GCC_C_LANGUAGE_STANDARD = gnu11;
				GCC_NO_COMMON_BLOCKS = YES;
				GCC_WARN_64_TO_32_BIT_CONVERSION = YES;
				GCC_WARN_ABOUT_RETURN_TYPE = YES_ERROR;
				GCC_WARN_UNDECLARED_SELECTOR = YES;
				GCC_WARN_UNINITIALIZED_AUTOS = YES_AGGRESSIVE;
				GCC_WARN_UNUSED_FUNCTION = YES;
				GCC_WARN_UNUSED_VARIABLE = YES;
				IPHONEOS_DEPLOYMENT_TARGET = 14.4;
				MTL_ENABLE_DEBUG_INFO = NO;
				MTL_FAST_MATH = YES;
				SDKROOT = iphoneos;
				SWIFT_COMPILATION_MODE = wholemodule;
				SWIFT_OPTIMIZATION_LEVEL = "-O";
				VALIDATE_PRODUCT = YES;
			};
			name = Release;
		};
		97DB1BA625EDEC42008955BC /* Debug */ = {
			isa = XCBuildConfiguration;
			baseConfigurationReference = AF2E107638AACE0E50F8D036 /* Pods-Polligraph.debug.xcconfig */;
			buildSettings = {
				ASSETCATALOG_COMPILER_APPICON_NAME = AppIcon;
				ASSETCATALOG_COMPILER_GLOBAL_ACCENT_COLOR_NAME = AccentColor;
				CODE_SIGN_ENTITLEMENTS = Polligraph/Polligraph.entitlements;
				CODE_SIGN_STYLE = Automatic;
				DEVELOPMENT_TEAM = FQ52H34MLU;
				INFOPLIST_FILE = Polligraph/Info.plist;
				IPHONEOS_DEPLOYMENT_TARGET = 13.0;
				LD_RUNPATH_SEARCH_PATHS = (
					"$(inherited)",
					"@executable_path/Frameworks",
				);
				PRODUCT_BUNDLE_IDENTIFIER = com.roypark.Polligraph;
				PRODUCT_NAME = "$(TARGET_NAME)";
				SWIFT_VERSION = 5.0;
				TARGETED_DEVICE_FAMILY = "1,2";
			};
			name = Debug;
		};
		97DB1BA725EDEC42008955BC /* Release */ = {
			isa = XCBuildConfiguration;
			baseConfigurationReference = 989BE7FEA84F3173270B7101 /* Pods-Polligraph.release.xcconfig */;
			buildSettings = {
				ASSETCATALOG_COMPILER_APPICON_NAME = AppIcon;
				ASSETCATALOG_COMPILER_GLOBAL_ACCENT_COLOR_NAME = AccentColor;
				CODE_SIGN_ENTITLEMENTS = Polligraph/Polligraph.entitlements;
				CODE_SIGN_STYLE = Automatic;
				DEVELOPMENT_TEAM = FQ52H34MLU;
				INFOPLIST_FILE = Polligraph/Info.plist;
				IPHONEOS_DEPLOYMENT_TARGET = 13.0;
				LD_RUNPATH_SEARCH_PATHS = (
					"$(inherited)",
					"@executable_path/Frameworks",
				);
				PRODUCT_BUNDLE_IDENTIFIER = com.roypark.Polligraph;
				PRODUCT_NAME = "$(TARGET_NAME)";
				SWIFT_VERSION = 5.0;
				TARGETED_DEVICE_FAMILY = "1,2";
			};
			name = Release;
		};
/* End XCBuildConfiguration section */

/* Begin XCConfigurationList section */
		97DB1B8C25EDEC41008955BC /* Build configuration list for PBXProject "Polligraph" */ = {
			isa = XCConfigurationList;
			buildConfigurations = (
				97DB1BA325EDEC42008955BC /* Debug */,
				97DB1BA425EDEC42008955BC /* Release */,
			);
			defaultConfigurationIsVisible = 0;
			defaultConfigurationName = Release;
		};
		97DB1BA525EDEC42008955BC /* Build configuration list for PBXNativeTarget "Polligraph" */ = {
			isa = XCConfigurationList;
			buildConfigurations = (
				97DB1BA625EDEC42008955BC /* Debug */,
				97DB1BA725EDEC42008955BC /* Release */,
			);
			defaultConfigurationIsVisible = 0;
			defaultConfigurationName = Release;
		};
/* End XCConfigurationList section */
	};
	rootObject = 97DB1B8925EDEC41008955BC /* Project object */;
}
